
Microsoft Visual Studio Solution File, Format Version 12.00
# Visual Studio Version 17
VisualStudioVersion = 17.4.33205.214
MinimumVisualStudioVersion = 10.0.40219.1
Project("{888888A0-9F3D-457C-B088-3A5042F75D52}") = "Kodutöö", "Kodutöö.pyproj", "{F33DDE1C-499A-43FC-B8EB-CF648F1643A0}"
EndProject
Global
	GlobalSection(SolutionConfigurationPlatforms) = preSolution
		Debug|Any CPU = Debug|Any CPU
		Release|Any CPU = Release|Any CPU
	EndGlobalSection
	GlobalSection(ProjectConfigurationPlatforms) = postSolution
		{F33DDE1C-499A-43FC-B8EB-CF648F1643A0}.Debug|Any CPU.ActiveCfg = Debug|Any CPU
		{F33DDE1C-499A-43FC-B8EB-CF648F1643A0}.Release|Any CPU.ActiveCfg = Release|Any CPU
	EndGlobalSection
	GlobalSection(SolutionProperties) = preSolution
		HideSolutionNode = FALSE
	EndGlobalSection
	GlobalSection(ExtensibilityGlobals) = postSolution
		SolutionGuid = {ACEABF3B-7B2B-4BA4-ACB8-A60F801256B0}
	EndGlobalSection
EndGlobal
